{
  "name": "soccer-bookmaker-odds",
  "version": "0.0.2",
  "lockfileVersion": 1,
  "dependencies": {
    "ajv": {
      "version": "5.1.5",
      "resolved": "https://registry.npmjs.org/ajv/-/ajv-5.1.5.tgz",
      "integrity": "sha1-hzSTG2AfANT+73xlc4130bZdH2g="
    },
    "co": {
      "version": "4.6.0",
      "resolved": "https://registry.npmjs.org/co/-/co-4.6.0.tgz",
      "integrity": "sha1-bqa989hTrlTMuOR7+gvz+QMfsYQ="
    },
    "json-stable-stringify": {
      "version": "1.0.1",
      "resolved": "https://registry.npmjs.org/json-stable-stringify/-/json-stable-stringify-1.0.1.tgz",
      "integrity": "sha1-mnWdOcXy/1A/1TAGRu1EX4jE+a8="
    },
    "jsonify": {
      "version": "0.0.0",
      "resolved": "https://registry.npmjs.org/jsonify/-/jsonify-0.0.0.tgz",
      "integrity": "sha1-LHS27kHZPKUbe1qu6PUDYx0lKnM="
    }
  }
}
